// !$*UTF8*$!
{
	archiveVersion = 1;
	classes = {
	};
	objectVersion = 46;
	objects = {

/* Begin PBXBuildFile section */
		B1796AB21B0EA99600936B26 /* AppDelegate.m in Sources */ = {isa = PBXBuildFile; fileRef = B1796AB11B0EA99600936B26 /* AppDelegate.m */; };
		B1796AB41B0EA99600936B26 /* main.m in Sources */ = {isa = PBXBuildFile; fileRef = B1796AB31B0EA99600936B26 /* main.m */; };
		B1796AB71B0EA99600936B26 /* Document.m in Sources */ = {isa = PBXBuildFile; fileRef = B1796AB61B0EA99600936B26 /* Document.m */; };
		B1796ABA1B0EA99600936B26 /* Document.xib in Resources */ = {isa = PBXBuildFile; fileRef = B1796AB81B0EA99600936B26 /* Document.xib */; };
		B1796ABC1B0EA99600936B26 /* Images.xcassets in Resources */ = {isa = PBXBuildFile; fileRef = B1796ABB1B0EA99600936B26 /* Images.xcassets */; };
		B1796ABF1B0EA99600936B26 /* MainMenu.xib in Resources */ = {isa = PBXBuildFile; fileRef = B1796ABD1B0EA99600936B26 /* MainMenu.xib */; };
		B1796ACB1B0EA99600936B26 /* SuperDoodleTests.m in Sources */ = {isa = PBXBuildFile; fileRef = B1796ACA1B0EA99600936B26 /* SuperDoodleTests.m */; };
/* End PBXBuildFile section */

/* Begin PBXContainerItemProxy section */
		B1796AC51B0EA99600936B26 /* PBXContainerItemProxy */ = {
			isa = PBXContainerItemProxy;
			containerPortal = B1796AA31B0EA99600936B26 /* Project object */;
			proxyType = 1;
			remoteGlobalIDString = B1796AAA1B0EA99600936B26;
			remoteInfo = SuperDoodle;
		};
/* End PBXContainerItemProxy section */

/* Begin PBXFileReference section */
		B1796AAB1B0EA99600936B26 /* SuperDoodle.app */ = {isa = PBXFileReference; explicitFileType = wrapper.application; includeInIndex = 0; path = SuperDoodle.app; sourceTree = BUILT_PRODUCTS_DIR; };
		B1796AAF1B0EA99600936B26 /* Info.plist */ = {isa = PBXFileReference; lastKnownFileType = text.plist.xml; path = Info.plist; sourceTree = "<group>"; };
		B1796AB01B0EA99600936B26 /* AppDelegate.h */ = {isa = PBXFileReference; lastKnownFileType = sourcecode.c.h; path = AppDelegate.h; sourceTree = "<group>"; };
		B1796AB11B0EA99600936B26 /* AppDelegate.m */ = {isa = PBXFileReference; lastKnownFileType = sourcecode.c.objc; path = AppDelegate.m; sourceTree = "<group>"; };
		B1796AB31B0EA99600936B26 /* main.m */ = {isa = PBXFileReference; lastKnownFileType = sourcecode.c.objc; path = main.m; sourceTree = "<group>"; };
		B1796AB51B0EA99600936B26 /* Document.h */ = {isa = PBXFileReference; lastKnownFileType = sourcecode.c.h; path = Document.h; sourceTree = "<group>"; };
		B1796AB61B0EA99600936B26 /* Document.m */ = {isa = PBXFileReference; lastKnownFileType = sourcecode.c.objc; path = Document.m; sourceTree = "<group>"; };
		B1796AB91B0EA99600936B26 /* Base */ = {isa = PBXFileReference; lastKnownFileType = file.xib; name = Base; path = Base.lproj/Document.xib; sourceTree = "<group>"; };
		B1796ABB1B0EA99600936B26 /* Images.xcassets */ = {isa = PBXFileReference; lastKnownFileType = folder.assetcatalog; path = Images.xcassets; sourceTree = "<group>"; };
		B1796ABE1B0EA99600936B26 /* Base */ = {isa = PBXFileReference; lastKnownFileType = file.xib; name = Base; path = Base.lproj/MainMenu.xib; sourceTree = "<group>"; };
		B1796AC41B0EA99600936B26 /* SuperDoodleTests.xctest */ = {isa = PBXFileReference; explicitFileType = wrapper.cfbundle; includeInIndex = 0; path = SuperDoodleTests.xctest; sourceTree = BUILT_PRODUCTS_DIR; };
		B1796AC91B0EA99600936B26 /* Info.plist */ = {isa = PBXFileReference; lastKnownFileType = text.plist.xml; path = Info.plist; sourceTree = "<group>"; };
		B1796ACA1B0EA99600936B26 /* SuperDoodleTests.m */ = {isa = PBXFileReference; lastKnownFileType = sourcecode.c.objc; path = SuperDoodleTests.m; sourceTree = "<group>"; };
/* End PBXFileReference section */

/* Begin PBXFrameworksBuildPhase section */
		B1796AA81B0EA99600936B26 /* Frameworks */ = {
			isa = PBXFrameworksBuildPhase;
			buildActionMask = 2147483647;
			files = (
			);
			runOnlyForDeploymentPostprocessing = 0;
		};
		B1796AC11B0EA99600936B26 /* Frameworks */ = {
			isa = PBXFrameworksBuildPhase;
			buildActionMask = 2147483647;
			files = (
			);
			runOnlyForDeploymentPostprocessing = 0;
		};
/* End PBXFrameworksBuildPhase section */

/* Begin PBXGroup section */
		B1796AA21B0EA99600936B26 = {
			isa = PBXGroup;
			children = (
				B1796AAD1B0EA99600936B26 /* SuperDoodle */,
				B1796AC71B0EA99600936B26 /* SuperDoodleTests */,
				B1796AAC1B0EA99600936B26 /* Products */,
			);
			sourceTree = "<group>";
		};
		B1796AAC1B0EA99600936B26 /* Products */ = {
			isa = PBXGroup;
			children = (
				B1796AAB1B0EA99600936B26 /* SuperDoodle.app */,
				B1796AC41B0EA99600936B26 /* SuperDoodleTests.xctest */,
			);
			name = Products;
			sourceTree = "<group>";
		};
		B1796AAD1B0EA99600936B26 /* SuperDoodle */ = {
			isa = PBXGroup;
			children = (
				B1796AB01B0EA99600936B26 /* AppDelegate.h */,
				B1796AB11B0EA99600936B26 /* AppDelegate.m */,
				B1796AB51B0EA99600936B26 /* Document.h */,
				B1796AB61B0EA99600936B26 /* Document.m */,
				B1796AB81B0EA99600936B26 /* Document.xib */,
				B1796ABB1B0EA99600936B26 /* Images.xcassets */,
				B1796ABD1B0EA99600936B26 /* MainMenu.xib */,
				B1796AAE1B0EA99600936B26 /* Supporting Files */,
			);
			path = SuperDoodle;
			sourceTree = "<group>";
		};
		B1796AAE1B0EA99600936B26 /* Supporting Files */ = {
			isa = PBXGroup;
			children = (
				B1796AAF1B0EA99600936B26 /* Info.plist */,
				B1796AB31B0EA99600936B26 /* main.m */,
			);
			name = "Supporting Files";
			sourceTree = "<group>";
		};
		B1796AC71B0EA99600936B26 /* SuperDoodleTests */ = {
			isa = PBXGroup;
			children = (
				B1796ACA1B0EA99600936B26 /* SuperDoodleTests.m */,
				B1796AC81B0EA99600936B26 /* Supporting Files */,
			);
			path = SuperDoodleTests;
			sourceTree = "<group>";
		};
		B1796AC81B0EA99600936B26 /* Supporting Files */ = {
			isa = PBXGroup;
			children = (
				B1796AC91B0EA99600936B26 /* Info.plist */,
			);
			name = "Supporting Files";
			sourceTree = "<group>";
		};
/* End PBXGroup section */

/* Begin PBXNativeTarget section */
		B1796AAA1B0EA99600936B26 /* SuperDoodle */ = {
			isa = PBXNativeTarget;
			buildConfigurationList = B1796ACE1B0EA99600936B26 /* Build configuration list for PBXNativeTarget "SuperDoodle" */;
			buildPhases = (
				B1796AA71B0EA99600936B26 /* Sources */,
				B1796AA81B0EA99600936B26 /* Frameworks */,
				B1796AA91B0EA99600936B26 /* Resources */,
			);
			buildRules = (
			);
			dependencies = (
			);
			name = SuperDoodle;
			productName = SuperDoodle;
			productReference = B1796AAB1B0EA99600936B26 /* SuperDoodle.app */;
			productType = "com.apple.product-type.application";
		};
		B1796AC31B0EA99600936B26 /* SuperDoodleTests */ = {
			isa = PBXNativeTarget;
			buildConfigurationList = B1796AD11B0EA99600936B26 /* Build configuration list for PBXNativeTarget "SuperDoodleTests" */;
			buildPhases = (
				B1796AC01B0EA99600936B26 /* Sources */,
				B1796AC11B0EA99600936B26 /* Frameworks */,
				B1796AC21B0EA99600936B26 /* Resources */,
			);
			buildRules = (
			);
			dependencies = (
				B1796AC61B0EA99600936B26 /* PBXTargetDependency */,
			);
			name = SuperDoodleTests;
			productName = SuperDoodleTests;
			productReference = B1796AC41B0EA99600936B26 /* SuperDoodleTests.xctest */;
			productType = "com.apple.product-type.bundle.unit-test";
		};
/* End PBXNativeTarget section */

/* Begin PBXProject section */
		B1796AA31B0EA99600936B26 /* Project object */ = {
			isa = PBXProject;
			attributes = {
				LastUpgradeCheck = 0630;
				ORGANIZATIONNAME = FunderDevelopment;
				TargetAttributes = {
					B1796AAA1B0EA99600936B26 = {
						CreatedOnToolsVersion = 6.3.2;
					};
					B1796AC31B0EA99600936B26 = {
						CreatedOnToolsVersion = 6.3.2;
						TestTargetID = B1796AAA1B0EA99600936B26;
					};
				};
			};
			buildConfigurationList = B1796AA61B0EA99600936B26 /* Build configuration list for PBXProject "SuperDoodle" */;
			compatibilityVersion = "Xcode 3.2";
			developmentRegion = English;
			hasScannedForEncodings = 0;
			knownRegions = (
				en,
				Base,
			);
			mainGroup = B1796AA21B0EA99600936B26;
			productRefGroup = B1796AAC1B0EA99600936B26 /* Products */;
			projectDirPath = "";
			projectRoot = "";
			targets = (
				B1796AAA1B0EA99600936B26 /* SuperDoodle */,
				B1796AC31B0EA99600936B26 /* SuperDoodleTests */,
			);
		};
/* End PBXProject section */

/* Begin PBXResourcesBuildPhase section */
		B1796AA91B0EA99600936B26 /* Resources */ = {
			isa = PBXResourcesBuildPhase;
			buildActionMask = 2147483647;
			files = (
				B1796ABA1B0EA99600936B26 /* Document.xib in Resources */,
				B1796ABC1B0EA99600936B26 /* Images.xcassets in Resources */,
				B1796ABF1B0EA99600936B26 /* MainMenu.xib in Resources */,
			);
			runOnlyForDeploymentPostprocessing = 0;
		};
		B1796AC21B0EA99600936B26 /* Resources */ = {
			isa = PBXResourcesBuildPhase;
			buildActionMask = 2147483647;
			files = (
			);
			runOnlyForDeploymentPostprocessing = 0;
		};
/* End PBXResourcesBuildPhase section */

/* Begin PBXSourcesBuildPhase section */
		B1796AA71B0EA99600936B26 /* Sources */ = {
			isa = PBXSourcesBuildPhase;
			buildActionMask = 2147483647;
			files = (
				B1796AB71B0EA99600936B26 /* Document.m in Sources */,
				B1796AB41B0EA99600936B26 /* main.m in Sources */,
				B1796AB21B0EA99600936B26 /* AppDelegate.m in Sources */,
			);
			runOnlyForDeploymentPostprocessing = 0;
		};
		B1796AC01B0EA99600936B26 /* Sources */ = {
			isa = PBXSourcesBuildPhase;
			buildActionMask = 2147483647;
			files = (
				B1796ACB1B0EA99600936B26 /* SuperDoodleTests.m in Sources */,
			);
			runOnlyForDeploymentPostprocessing = 0;
		};
/* End PBXSourcesBuildPhase section */

/* Begin PBXTargetDependency section */
		B1796AC61B0EA99600936B26 /* PBXTargetDependency */ = {
			isa = PBXTargetDependency;
			target = B1796AAA1B0EA99600936B26 /* SuperDoodle */;
			targetProxy = B1796AC51B0EA99600936B26 /* PBXContainerItemProxy */;
		};
/* End PBXTargetDependency section */

/* Begin PBXVariantGroup section */
		B1796AB81B0EA99600936B26 /* Document.xib */ = {
			isa = PBXVariantGroup;
			children = (
				B1796AB91B0EA99600936B26 /* Base */,
			);
			name = Document.xib;
			sourceTree = "<group>";
		};
		B1796ABD1B0EA99600936B26 /* MainMenu.xib */ = {
			isa = PBXVariantGroup;
			children = (
				B1796ABE1B0EA99600936B26 /* Base */,
			);
			name = MainMenu.xib;
			sourceTree = "<group>";
		};
/* End PBXVariantGroup section */

/* Begin XCBuildConfiguration section */
		B1796ACC1B0EA99600936B26 /* Debug */ = {
			isa = XCBuildConfiguration;
			buildSettings = {
				ALWAYS_SEARCH_USER_PATHS = NO;
				CLANG_CXX_LANGUAGE_STANDARD = "gnu++0x";
				CLANG_CXX_LIBRARY = "libc++";
				CLANG_ENABLE_MODULES = YES;
				CLANG_ENABLE_OBJC_ARC = YES;
				CLANG_WARN_BOOL_CONVERSION = YES;
				CLANG_WARN_CONSTANT_CONVERSION = YES;
				CLANG_WARN_DIRECT_OBJC_ISA_USAGE = YES_ERROR;
				CLANG_WARN_EMPTY_BODY = YES;
				CLANG_WARN_ENUM_CONVERSION = YES;
				CLANG_WARN_INT_CONVERSION = YES;
				CLANG_WARN_OBJC_ROOT_CLASS = YES_ERROR;
				CLANG_WARN_UNREACHABLE_CODE = YES;
				CLANG_WARN__DUPLICATE_METHOD_MATCH = YES;
				CODE_SIGN_IDENTITY = "-";
				COPY_PHASE_STRIP = NO;
				DEBUG_INFORMATION_FORMAT = dwarf;
				ENABLE_STRICT_OBJC_MSGSEND = YES;
				GCC_C_LANGUAGE_STANDARD = gnu99;
				GCC_DYNAMIC_NO_PIC = NO;
				GCC_NO_COMMON_BLOCKS = YES;
				GCC_OPTIMIZATION_LEVEL = 0;
				GCC_PREPROCESSOR_DEFINITIONS = (
					"DEBUG=1",
					"$(inherited)",
				);
				GCC_SYMBOLS_PRIVATE_EXTERN = NO;
				GCC_WARN_64_TO_32_BIT_CONVERSION = YES;
				GCC_WARN_ABOUT_RETURN_TYPE = YES_ERROR;
				GCC_WARN_UNDECLARED_SELECTOR = YES;
				GCC_WARN_UNINITIALIZED_AUTOS = YES_AGGRESSIVE;
				GCC_WARN_UNUSED_FUNCTION = YES;
				GCC_WARN_UNUSED_VARIABLE = YES;
				MACOSX_DEPLOYMENT_TARGET = 10.10;
				MTL_ENABLE_DEBUG_INFO = YES;
				ONLY_ACTIVE_ARCH = YES;
				SDKROOT = macosx;
			};
			name = Debug;
		};
		B1796ACD1B0EA99600936B26 /* Release */ = {
			isa = XCBuildConfiguration;
			buildSettings = {
				ALWAYS_SEARCH_USER_PATHS = NO;
				CLANG_CXX_LANGUAGE_STANDARD = "gnu++0x";
				CLANG_CXX_LIBRARY = "libc++";
				CLANG_ENABLE_MODULES = YES;
				CLANG_ENABLE_OBJC_ARC = YES;
				CLANG_WARN_BOOL_CONVERSION = YES;
				CLANG_WARN_CONSTANT_CONVERSION = YES;
				CLANG_WARN_DIRECT_OBJC_ISA_USAGE = YES_ERROR;
				CLANG_WARN_EMPTY_BODY = YES;
				CLANG_WARN_ENUM_CONVERSION = YES;
				CLANG_WARN_INT_CONVERSION = YES;
				CLANG_WARN_OBJC_ROOT_CLASS = YES_ERROR;
				CLANG_WARN_UNREACHABLE_CODE = YES;
				CLANG_WARN__DUPLICATE_METHOD_MATCH = YES;
				CODE_SIGN_IDENTITY = "-";
				COPY_PHASE_STRIP = NO;
				DEBUG_INFORMATION_FORMAT = "dwarf-with-dsym";
				ENABLE_NS_ASSERTIONS = NO;
				ENABLE_STRICT_OBJC_MSGSEND = YES;
				GCC_C_LANGUAGE_STANDARD = gnu99;
				GCC_NO_COMMON_BLOCKS = YES;
				GCC_WARN_64_TO_32_BIT_CONVERSION = YES;
				GCC_WARN_ABOUT_RETURN_TYPE = YES_ERROR;
				GCC_WARN_UNDECLARED_SELECTOR = YES;
				GCC_WARN_UNINITIALIZED_AUTOS = YES_AGGRESSIVE;
				GCC_WARN_UNUSED_FUNCTION = YES;
				GCC_WARN_UNUSED_VARIABLE = YES;
				MACOSX_DEPLOYMENT_TARGET = 10.10;
				MTL_ENABLE_DEBUG_INFO = NO;
				SDKROOT = macosx;
			};
			name = Release;
		};
		B1796ACF1B0EA99600936B26 /* Debug */ = {
			isa = XCBuildConfiguration;
			buildSettings = {
				ASSETCATALOG_COMPILER_APPICON_NAME = AppIcon;
				COMBINE_HIDPI_IMAGES = YES;
				INFOPLIST_FILE = SuperDoodle/Info.plist;
				LD_RUNPATH_SEARCH_PATHS = "$(inherited) @executable_path/../Frameworks";
				PRODUCT_NAME = "$(TARGET_NAME)";
			};
			name = Debug;
		};
		B1796AD01B0EA99600936B26 /* Release */ = {
			isa = XCBuildConfiguration;
			buildSettings = {
				ASSETCATALOG_COMPILER_APPICON_NAME = AppIcon;
				COMBINE_HIDPI_IMAGES = YES;
				INFOPLIST_FILE = SuperDoodle/Info.plist;
				LD_RUNPATH_SEARCH_PATHS = "$(inherited) @executable_path/../Frameworks";
				PRODUCT_NAME = "$(TARGET_NAME)";
			};
			name = Release;
		};
		B1796AD21B0EA99600936B26 /* Debug */ = {
			isa = XCBuildConfiguration;
			buildSettings = {
				BUNDLE_LOADER = "$(TEST_HOST)";
				COMBINE_HIDPI_IMAGES = YES;
				FRAMEWORK_SEARCH_PATHS = (
					"$(DEVELOPER_FRAMEWORKS_DIR)",
					"$(inherited)",
				);
				GCC_PREPROCESSOR_DEFINITIONS = (
					"DEBUG=1",
					"$(inherited)",
				);
				INFOPLIST_FILE = SuperDoodleTests/Info.plist;
				LD_RUNPATH_SEARCH_PATHS = "$(inherited) @executable_path/../Frameworks @loader_path/../Frameworks";
				PRODUCT_NAME = "$(TARGET_NAME)";
				TEST_HOST = "$(BUILT_PRODUCTS_DIR)/SuperDoodle.app/Contents/MacOS/SuperDoodle";
			};
			name = Debug;
		};
		B1796AD31B0EA99600936B26 /* Release */ = {
			isa = XCBuildConfiguration;
			buildSettings = {
				BUNDLE_LOADER = "$(TEST_HOST)";
				COMBINE_HIDPI_IMAGES = YES;
				FRAMEWORK_SEARCH_PATHS = (
					"$(DEVELOPER_FRAMEWORKS_DIR)",
					"$(inherited)",
				);
				INFOPLIST_FILE = SuperDoodleTests/Info.plist;
				LD_RUNPATH_SEARCH_PATHS = "$(inherited) @executable_path/../Frameworks @loader_path/../Frameworks";
				PRODUCT_NAME = "$(TARGET_NAME)";
				TEST_HOST = "$(BUILT_PRODUCTS_DIR)/SuperDoodle.app/Contents/MacOS/SuperDoodle";
			};
			name = Release;
		};
/* End XCBuildConfiguration section */

/* Begin XCConfigurationList section */
		B1796AA61B0EA99600936B26 /* Build configuration list for PBXProject "SuperDoodle" */ = {
			isa = XCConfigurationList;
			buildConfigurations = (
				B1796ACC1B0EA99600936B26 /* Debug */,
				B1796ACD1B0EA99600936B26 /* Release */,
			);
			defaultConfigurationIsVisible = 0;
			defaultConfigurationName = Release;
		};
		B1796ACE1B0EA99600936B26 /* Build configuration list for PBXNativeTarget "SuperDoodle" */ = {
			isa = XCConfigurationList;
			buildConfigurations = (
				B1796ACF1B0EA99600936B26 /* Debug */,
				B1796AD01B0EA99600936B26 /* Release */,
			);
			defaultConfigurationIsVisible = 0;
		};
		B1796AD11B0EA99600936B26 /* Build configuration list for PBXNativeTarget "SuperDoodleTests" */ = {
			isa = XCConfigurationList;
			buildConfigurations = (
				B1796AD21B0EA99600936B26 /* Debug */,
				B1796AD31B0EA99600936B26 /* Release */,
			);
			defaultConfigurationIsVisible = 0;
		};
/* End XCConfigurationList section */
	};
	rootObject = B1796AA31B0EA99600936B26 /* Project object */;
}
